// !$*UTF8*$!
{
	archiveVersion = 1;
	classes = {
	};
	objectVersion = 46;
	objects = {

/* Begin PBXBuildFile section */
		B74D2C89140F29540030FD8E /* archivesites.cpp in Sources */ = {isa = PBXBuildFile; fileRef = B74D2C6D140F29540030FD8E /* archivesites.cpp */; };
		B74D2C8A140F29540030FD8E /* bgmodel.cpp in Sources */ = {isa = PBXBuildFile; fileRef = B74D2C6F140F29540030FD8E /* bgmodel.cpp */; };
		B74D2C8C140F29540030FD8E /* im.cpp in Sources */ = {isa = PBXBuildFile; fileRef = B74D2C72140F29540030FD8E /* im.cpp */; };
		B74D2C8D140F29540030FD8E /* motif.cpp in Sources */ = {isa = PBXBuildFile; fileRef = B74D2C74140F29540030FD8E /* motif.cpp */; };
		B74D2C8E140F29540030FD8E /* motifcompare.cpp in Sources */ = {isa = PBXBuildFile; fileRef = B74D2C76140F29540030FD8E /* motifcompare.cpp */; };
		B74D2C8F140F29540030FD8E /* motifsearch.cpp in Sources */ = {isa = PBXBuildFile; fileRef = B74D2C78140F29540030FD8E /* motifsearch.cpp */; };
		B74D2C90140F29540030FD8E /* motifsearchexpr.cpp in Sources */ = {isa = PBXBuildFile; fileRef = B74D2C7A140F29540030FD8E /* motifsearchexpr.cpp */; };
		B74D2C91140F29540030FD8E /* motifsearchscore.cpp in Sources */ = {isa = PBXBuildFile; fileRef = B74D2C7C140F29540030FD8E /* motifsearchscore.cpp */; };
		B74D2C92140F29540030FD8E /* motifsearchsubset.cpp in Sources */ = {isa = PBXBuildFile; fileRef = B74D2C7E140F29540030FD8E /* motifsearchsubset.cpp */; };
		B74D2C93140F29540030FD8E /* seqset.cpp in Sources */ = {isa = PBXBuildFile; fileRef = B74D2C82140F29540030FD8E /* seqset.cpp */; };
		B74D2C94140F29540030FD8E /* site.cpp in Sources */ = {isa = PBXBuildFile; fileRef = B74D2C84140F29540030FD8E /* site.cpp */; };
		B74D2C95140F29540030FD8E /* standard.cpp in Sources */ = {isa = PBXBuildFile; fileRef = B74D2C86140F29540030FD8E /* standard.cpp */; };
/* End PBXBuildFile section */

/* Begin PBXCopyFilesBuildPhase section */
		B74D2C33140F27CE0030FD8E /* CopyFiles */ = {
			isa = PBXCopyFilesBuildPhase;
			buildActionMask = 2147483647;
			dstPath = /usr/share/man/man1/;
			dstSubfolderSpec = 0;
			files = (
			);
			runOnlyForDeploymentPostprocessing = 1;
		};
/* End PBXCopyFilesBuildPhase section */

/* Begin PBXFileReference section */
		B74D2C35140F27CE0030FD8E /* im */ = {isa = PBXFileReference; explicitFileType = "compiled.mach-o.executable"; includeInIndex = 0; path = im; sourceTree = BUILT_PRODUCTS_DIR; };
		B74D2C6D140F29540030FD8E /* archivesites.cpp */ = {isa = PBXFileReference; fileEncoding = 4; lastKnownFileType = sourcecode.cpp.cpp; path = archivesites.cpp; sourceTree = "<group>"; };
		B74D2C6E140F29540030FD8E /* archivesites.h */ = {isa = PBXFileReference; fileEncoding = 4; lastKnownFileType = sourcecode.c.h; path = archivesites.h; sourceTree = "<group>"; };
		B74D2C6F140F29540030FD8E /* bgmodel.cpp */ = {isa = PBXFileReference; fileEncoding = 4; lastKnownFileType = sourcecode.cpp.cpp; path = bgmodel.cpp; sourceTree = "<group>"; };
		B74D2C70140F29540030FD8E /* bgmodel.h */ = {isa = PBXFileReference; fileEncoding = 4; lastKnownFileType = sourcecode.c.h; path = bgmodel.h; sourceTree = "<group>"; };
		B74D2C71140F29540030FD8E /* compareall.cpp */ = {isa = PBXFileReference; fileEncoding = 4; lastKnownFileType = sourcecode.cpp.cpp; path = compareall.cpp; sourceTree = "<group>"; };
		B74D2C72140F29540030FD8E /* im.cpp */ = {isa = PBXFileReference; fileEncoding = 4; lastKnownFileType = sourcecode.cpp.cpp; path = im.cpp; sourceTree = "<group>"; };
		B74D2C73140F29540030FD8E /* im.h */ = {isa = PBXFileReference; fileEncoding = 4; lastKnownFileType = sourcecode.c.h; path = im.h; sourceTree = "<group>"; };
		B74D2C74140F29540030FD8E /* motif.cpp */ = {isa = PBXFileReference; fileEncoding = 4; lastKnownFileType = sourcecode.cpp.cpp; path = motif.cpp; sourceTree = "<group>"; };
		B74D2C75140F29540030FD8E /* motif.h */ = {isa = PBXFileReference; fileEncoding = 4; lastKnownFileType = sourcecode.c.h; path = motif.h; sourceTree = "<group>"; };
		B74D2C76140F29540030FD8E /* motifcompare.cpp */ = {isa = PBXFileReference; fileEncoding = 4; lastKnownFileType = sourcecode.cpp.cpp; path = motifcompare.cpp; sourceTree = "<group>"; };
		B74D2C77140F29540030FD8E /* motifcompare.h */ = {isa = PBXFileReference; fileEncoding = 4; lastKnownFileType = sourcecode.c.h; path = motifcompare.h; sourceTree = "<group>"; };
		B74D2C78140F29540030FD8E /* motifsearch.cpp */ = {isa = PBXFileReference; fileEncoding = 4; lastKnownFileType = sourcecode.cpp.cpp; path = motifsearch.cpp; sourceTree = "<group>"; };
		B74D2C79140F29540030FD8E /* motifsearch.h */ = {isa = PBXFileReference; fileEncoding = 4; lastKnownFileType = sourcecode.c.h; path = motifsearch.h; sourceTree = "<group>"; };
		B74D2C7A140F29540030FD8E /* motifsearchexpr.cpp */ = {isa = PBXFileReference; fileEncoding = 4; lastKnownFileType = sourcecode.cpp.cpp; path = motifsearchexpr.cpp; sourceTree = "<group>"; };
		B74D2C7B140F29540030FD8E /* motifsearchexpr.h */ = {isa = PBXFileReference; fileEncoding = 4; lastKnownFileType = sourcecode.c.h; path = motifsearchexpr.h; sourceTree = "<group>"; };
		B74D2C7C140F29540030FD8E /* motifsearchscore.cpp */ = {isa = PBXFileReference; fileEncoding = 4; lastKnownFileType = sourcecode.cpp.cpp; path = motifsearchscore.cpp; sourceTree = "<group>"; };
		B74D2C7D140F29540030FD8E /* motifsearchscore.h */ = {isa = PBXFileReference; fileEncoding = 4; lastKnownFileType = sourcecode.c.h; path = motifsearchscore.h; sourceTree = "<group>"; };
		B74D2C7E140F29540030FD8E /* motifsearchsubset.cpp */ = {isa = PBXFileReference; fileEncoding = 4; lastKnownFileType = sourcecode.cpp.cpp; path = motifsearchsubset.cpp; sourceTree = "<group>"; };
		B74D2C7F140F29540030FD8E /* motifsearchsubset.h */ = {isa = PBXFileReference; fileEncoding = 4; lastKnownFileType = sourcecode.c.h; path = motifsearchsubset.h; sourceTree = "<group>"; };
		B74D2C80140F29540030FD8E /* Random.h */ = {isa = PBXFileReference; fileEncoding = 4; lastKnownFileType = sourcecode.c.h; path = Random.h; sourceTree = "<group>"; };
		B74D2C81140F29540030FD8E /* searchparams.h */ = {isa = PBXFileReference; fileEncoding = 4; lastKnownFileType = sourcecode.c.h; path = searchparams.h; sourceTree = "<group>"; };
		B74D2C82140F29540030FD8E /* seqset.cpp */ = {isa = PBXFileReference; fileEncoding = 4; lastKnownFileType = sourcecode.cpp.cpp; path = seqset.cpp; sourceTree = "<group>"; };
		B74D2C83140F29540030FD8E /* seqset.h */ = {isa = PBXFileReference; fileEncoding = 4; lastKnownFileType = sourcecode.c.h; path = seqset.h; sourceTree = "<group>"; };
		B74D2C84140F29540030FD8E /* site.cpp */ = {isa = PBXFileReference; fileEncoding = 4; lastKnownFileType = sourcecode.cpp.cpp; path = site.cpp; sourceTree = "<group>"; };
		B74D2C85140F29540030FD8E /* site.h */ = {isa = PBXFileReference; fileEncoding = 4; lastKnownFileType = sourcecode.c.h; path = site.h; sourceTree = "<group>"; };
		B74D2C86140F29540030FD8E /* standard.cpp */ = {isa = PBXFileReference; fileEncoding = 4; lastKnownFileType = sourcecode.cpp.cpp; path = standard.cpp; sourceTree = "<group>"; };
		B74D2C87140F29540030FD8E /* standard.h */ = {isa = PBXFileReference; fileEncoding = 4; lastKnownFileType = sourcecode.c.h; path = standard.h; sourceTree = "<group>"; };
		B74D2C88140F29540030FD8E /* testim.cpp */ = {isa = PBXFileReference; fileEncoding = 4; lastKnownFileType = sourcecode.cpp.cpp; path = testim.cpp; sourceTree = "<group>"; };
/* End PBXFileReference section */

/* Begin PBXFrameworksBuildPhase section */
		B74D2C32140F27CE0030FD8E /* Frameworks */ = {
			isa = PBXFrameworksBuildPhase;
			buildActionMask = 2147483647;
			files = (
			);
			runOnlyForDeploymentPostprocessing = 0;
		};
/* End PBXFrameworksBuildPhase section */

/* Begin PBXGroup section */
		B74D2C2A140F27CE0030FD8E = {
			isa = PBXGroup;
			children = (
				B74D2C6C140F29540030FD8E /* src */,
				B74D2C36140F27CE0030FD8E /* Products */,
			);
			sourceTree = "<group>";
		};
		B74D2C36140F27CE0030FD8E /* Products */ = {
			isa = PBXGroup;
			children = (
				B74D2C35140F27CE0030FD8E /* im */,
			);
			name = Products;
			sourceTree = "<group>";
		};
		B74D2C6C140F29540030FD8E /* src */ = {
			isa = PBXGroup;
			children = (
				B74D2C6D140F29540030FD8E /* archivesites.cpp */,
				B74D2C6E140F29540030FD8E /* archivesites.h */,
				B74D2C6F140F29540030FD8E /* bgmodel.cpp */,
				B74D2C70140F29540030FD8E /* bgmodel.h */,
				B74D2C71140F29540030FD8E /* compareall.cpp */,
				B74D2C72140F29540030FD8E /* im.cpp */,
				B74D2C73140F29540030FD8E /* im.h */,
				B74D2C74140F29540030FD8E /* motif.cpp */,
				B74D2C75140F29540030FD8E /* motif.h */,
				B74D2C76140F29540030FD8E /* motifcompare.cpp */,
				B74D2C77140F29540030FD8E /* motifcompare.h */,
				B74D2C78140F29540030FD8E /* motifsearch.cpp */,
				B74D2C79140F29540030FD8E /* motifsearch.h */,
				B74D2C7A140F29540030FD8E /* motifsearchexpr.cpp */,
				B74D2C7B140F29540030FD8E /* motifsearchexpr.h */,
				B74D2C7C140F29540030FD8E /* motifsearchscore.cpp */,
				B74D2C7D140F29540030FD8E /* motifsearchscore.h */,
				B74D2C7E140F29540030FD8E /* motifsearchsubset.cpp */,
				B74D2C7F140F29540030FD8E /* motifsearchsubset.h */,
				B74D2C80140F29540030FD8E /* Random.h */,
				B74D2C81140F29540030FD8E /* searchparams.h */,
				B74D2C82140F29540030FD8E /* seqset.cpp */,
				B74D2C83140F29540030FD8E /* seqset.h */,
				B74D2C84140F29540030FD8E /* site.cpp */,
				B74D2C85140F29540030FD8E /* site.h */,
				B74D2C86140F29540030FD8E /* standard.cpp */,
				B74D2C87140F29540030FD8E /* standard.h */,
				B74D2C88140F29540030FD8E /* testim.cpp */,
			);
			path = src;
			sourceTree = "<group>";
		};
/* End PBXGroup section */

/* Begin PBXNativeTarget section */
		B74D2C34140F27CE0030FD8E /* im */ = {
			isa = PBXNativeTarget;
			buildConfigurationList = B74D2C3F140F27CE0030FD8E /* Build configuration list for PBXNativeTarget "im" */;
			buildPhases = (
				B74D2C31140F27CE0030FD8E /* Sources */,
				B74D2C32140F27CE0030FD8E /* Frameworks */,
				B74D2C33140F27CE0030FD8E /* CopyFiles */,
			);
			buildRules = (
			);
			dependencies = (
			);
			name = im;
			productName = im;
			productReference = B74D2C35140F27CE0030FD8E /* im */;
			productType = "com.apple.product-type.tool";
		};
/* End PBXNativeTarget section */

/* Begin PBXProject section */
		B74D2C2C140F27CE0030FD8E /* Project object */ = {
			isa = PBXProject;
			attributes = {
				LastUpgradeCheck = 0420;
			};
			buildConfigurationList = B74D2C2F140F27CE0030FD8E /* Build configuration list for PBXProject "im" */;
			compatibilityVersion = "Xcode 3.2";
			developmentRegion = English;
			hasScannedForEncodings = 0;
			knownRegions = (
				en,
			);
			mainGroup = B74D2C2A140F27CE0030FD8E;
			productRefGroup = B74D2C36140F27CE0030FD8E /* Products */;
			projectDirPath = "";
			projectRoot = "";
			targets = (
				B74D2C34140F27CE0030FD8E /* im */,
			);
		};
/* End PBXProject section */

/* Begin PBXSourcesBuildPhase section */
		B74D2C31140F27CE0030FD8E /* Sources */ = {
			isa = PBXSourcesBuildPhase;
			buildActionMask = 2147483647;
			files = (
				B74D2C89140F29540030FD8E /* archivesites.cpp in Sources */,
				B74D2C8A140F29540030FD8E /* bgmodel.cpp in Sources */,
				B74D2C8C140F29540030FD8E /* im.cpp in Sources */,
				B74D2C8D140F29540030FD8E /* motif.cpp in Sources */,
				B74D2C8E140F29540030FD8E /* motifcompare.cpp in Sources */,
				B74D2C8F140F29540030FD8E /* motifsearch.cpp in Sources */,
				B74D2C90140F29540030FD8E /* motifsearchexpr.cpp in Sources */,
				B74D2C91140F29540030FD8E /* motifsearchscore.cpp in Sources */,
				B74D2C92140F29540030FD8E /* motifsearchsubset.cpp in Sources */,
				B74D2C93140F29540030FD8E /* seqset.cpp in Sources */,
				B74D2C94140F29540030FD8E /* site.cpp in Sources */,
				B74D2C95140F29540030FD8E /* standard.cpp in Sources */,
			);
			runOnlyForDeploymentPostprocessing = 0;
		};
/* End PBXSourcesBuildPhase section */

/* Begin XCBuildConfiguration section */
		B74D2C3D140F27CE0030FD8E /* Debug */ = {
			isa = XCBuildConfiguration;
			buildSettings = {
				ALWAYS_SEARCH_USER_PATHS = NO;
				ARCHS = "$(ARCHS_STANDARD_64_BIT)";
				CLANG_ENABLE_OBJC_ARC = YES;
				COPY_PHASE_STRIP = NO;
				GCC_C_LANGUAGE_STANDARD = gnu99;
				GCC_DYNAMIC_NO_PIC = NO;
				GCC_ENABLE_OBJC_EXCEPTIONS = YES;
				GCC_OPTIMIZATION_LEVEL = 0;
				GCC_PREPROCESSOR_DEFINITIONS = (
					"DEBUG=1",
					"$(inherited)",
				);
				GCC_SYMBOLS_PRIVATE_EXTERN = NO;
				GCC_VERSION = com.apple.compilers.llvm.clang.1_0;
				GCC_WARN_64_TO_32_BIT_CONVERSION = NO;
				GCC_WARN_ABOUT_MISSING_PROTOTYPES = YES;
				GCC_WARN_ABOUT_RETURN_TYPE = YES;
				GCC_WARN_UNUSED_VARIABLE = YES;
				MACOSX_DEPLOYMENT_TARGET = 10.7;
				ONLY_ACTIVE_ARCH = YES;
				SDKROOT = macosx;
			};
			name = Debug;
		};
		B74D2C3E140F27CE0030FD8E /* Release */ = {
			isa = XCBuildConfiguration;
			buildSettings = {
				ALWAYS_SEARCH_USER_PATHS = NO;
				ARCHS = "$(ARCHS_STANDARD_64_BIT)";
				CLANG_ENABLE_OBJC_ARC = YES;
				COPY_PHASE_STRIP = YES;
				DEBUG_INFORMATION_FORMAT = "dwarf-with-dsym";
				GCC_C_LANGUAGE_STANDARD = gnu99;
				GCC_ENABLE_OBJC_EXCEPTIONS = YES;
				GCC_VERSION = com.apple.compilers.llvm.clang.1_0;
				GCC_WARN_64_TO_32_BIT_CONVERSION = NO;
				GCC_WARN_ABOUT_MISSING_PROTOTYPES = YES;
				GCC_WARN_ABOUT_RETURN_TYPE = YES;
				GCC_WARN_UNUSED_VARIABLE = YES;
				MACOSX_DEPLOYMENT_TARGET = 10.7;
				SDKROOT = macosx;
			};
			name = Release;
		};
		B74D2C40140F27CE0030FD8E /* Debug */ = {
			isa = XCBuildConfiguration;
			buildSettings = {
				PRODUCT_NAME = "$(TARGET_NAME)";
			};
			name = Debug;
		};
		B74D2C41140F27CE0030FD8E /* Release */ = {
			isa = XCBuildConfiguration;
			buildSettings = {
				PRODUCT_NAME = "$(TARGET_NAME)";
			};
			name = Release;
		};
/* End XCBuildConfiguration section */

/* Begin XCConfigurationList section */
		B74D2C2F140F27CE0030FD8E /* Build configuration list for PBXProject "im" */ = {
			isa = XCConfigurationList;
			buildConfigurations = (
				B74D2C3D140F27CE0030FD8E /* Debug */,
				B74D2C3E140F27CE0030FD8E /* Release */,
			);
			defaultConfigurationIsVisible = 0;
			defaultConfigurationName = Release;
		};
		B74D2C3F140F27CE0030FD8E /* Build configuration list for PBXNativeTarget "im" */ = {
			isa = XCConfigurationList;
			buildConfigurations = (
				B74D2C40140F27CE0030FD8E /* Debug */,
				B74D2C41140F27CE0030FD8E /* Release */,
			);
			defaultConfigurationIsVisible = 0;
		};
/* End XCConfigurationList section */
	};
	rootObject = B74D2C2C140F27CE0030FD8E /* Project object */;
}
